
Microsoft Visual Studio Solution File, Format Version 12.00
# Visual Studio Version 16
VisualStudioVersion = 16.0.29905.134
MinimumVisualStudioVersion = 10.0.40219.1
Project("{8BC9CEB8-8B4A-11D0-8D11-00A0C91BC942}") = "proj2", "proj2\proj2.vcxproj", "{09B98D98-EE91-4690-B4F1-B9B018D79FEE}"
EndProject
Global
	GlobalSection(SolutionConfigurationPlatforms) = preSolution
		Debug|x64 = Debug|x64
		Debug|x86 = Debug|x86
		Release|x64 = Release|x64
		Release|x86 = Release|x86
	EndGlobalSection
	GlobalSection(ProjectConfigurationPlatforms) = postSolution
		{09B98D98-EE91-4690-B4F1-B9B018D79FEE}.Debug|x64.ActiveCfg = Debug|x64
		{09B98D98-EE91-4690-B4F1-B9B018D79FEE}.Debug|x64.Build.0 = Debug|x64
		{09B98D98-EE91-4690-B4F1-B9B018D79FEE}.Debug|x86.ActiveCfg = Debug|Win32
		{09B98D98-EE91-4690-B4F1-B9B018D79FEE}.Debug|x86.Build.0 = Debug|Win32
		{09B98D98-EE91-4690-B4F1-B9B018D79FEE}.Release|x64.ActiveCfg = Release|x64
		{09B98D98-EE91-4690-B4F1-B9B018D79FEE}.Release|x64.Build.0 = Release|x64
		{09B98D98-EE91-4690-B4F1-B9B018D79FEE}.Release|x86.ActiveCfg = Release|Win32
		{09B98D98-EE91-4690-B4F1-B9B018D79FEE}.Release|x86.Build.0 = Release|Win32
	EndGlobalSection
	GlobalSection(SolutionProperties) = preSolution
		HideSolutionNode = FALSE
	EndGlobalSection
	GlobalSection(ExtensibilityGlobals) = postSolution
		SolutionGuid = {F633AD85-3B38-40DF-9C4A-A22F65CD96AA}
	EndGlobalSection
EndGlobal
